
Microsoft Visual Studio Solution File, Format Version 12.00
# Visual Studio Version 17
VisualStudioVersion = 17.0.32126.317
MinimumVisualStudioVersion = 10.0.40219.1
Project("{FAE04EC0-301F-11D3-BF4B-00C04F79EFBC}") = "WindowsFormsKrav1-03", "WindowsFormsKrav1-03\WindowsFormsKrav1-03.csproj", "{CEDC64A5-6ACB-427D-AE2F-617FDFA3B79B}"
EndProject
Global
	GlobalSection(SolutionConfigurationPlatforms) = preSolution
		Debug|Any CPU = Debug|Any CPU
		Release|Any CPU = Release|Any CPU
	EndGlobalSection
	GlobalSection(ProjectConfigurationPlatforms) = postSolution
		{CEDC64A5-6ACB-427D-AE2F-617FDFA3B79B}.Debug|Any CPU.ActiveCfg = Debug|Any CPU
		{CEDC64A5-6ACB-427D-AE2F-617FDFA3B79B}.Debug|Any CPU.Build.0 = Debug|Any CPU
		{CEDC64A5-6ACB-427D-AE2F-617FDFA3B79B}.Release|Any CPU.ActiveCfg = Release|Any CPU
		{CEDC64A5-6ACB-427D-AE2F-617FDFA3B79B}.Release|Any CPU.Build.0 = Release|Any CPU
	EndGlobalSection
	GlobalSection(SolutionProperties) = preSolution
		HideSolutionNode = FALSE
	EndGlobalSection
	GlobalSection(ExtensibilityGlobals) = postSolution
		SolutionGuid = {D7C928C0-9B80-415F-A0D3-AAFD6794BABB}
	EndGlobalSection
EndGlobal
